
Microsoft Visual Studio Solution File, Format Version 12.00
# Visual Studio Version 17
VisualStudioVersion = 17.6.33829.357
MinimumVisualStudioVersion = 10.0.40219.1
Project("{FAE04EC0-301F-11D3-BF4B-00C04F79EFBC}") = "RumbleRain", "RumbleRain\RumbleRain.csproj", "{DC963941-86A3-474E-A247-8EF185DE1B29}"
EndProject
Global
	GlobalSection(SolutionConfigurationPlatforms) = preSolution
		Debug|Any CPU = Debug|Any CPU
		Release|Any CPU = Release|Any CPU
	EndGlobalSection
	GlobalSection(ProjectConfigurationPlatforms) = postSolution
		{DC963941-86A3-474E-A247-8EF185DE1B29}.Debug|Any CPU.ActiveCfg = Debug|Any CPU
		{DC963941-86A3-474E-A247-8EF185DE1B29}.Debug|Any CPU.Build.0 = Debug|Any CPU
		{DC963941-86A3-474E-A247-8EF185DE1B29}.Release|Any CPU.ActiveCfg = Release|Any CPU
		{DC963941-86A3-474E-A247-8EF185DE1B29}.Release|Any CPU.Build.0 = Release|Any CPU
	EndGlobalSection
	GlobalSection(SolutionProperties) = preSolution
		HideSolutionNode = FALSE
	EndGlobalSection
	GlobalSection(ExtensibilityGlobals) = postSolution
		SolutionGuid = {ED1F42EE-B13A-4343-9B43-58859577D9AA}
	EndGlobalSection
EndGlobal
